// !$*UTF8*$!
{
	archiveVersion = 1;
	classes = {
	};
	objectVersion = 77;
	objects = {

/* Begin PBXBuildFile section */
		03A74856303CEBB300F49C45 /* ContentView.swift in Sources */ = {isa = PBXBuildFile; fileRef = 03A74853303CEBB300F49C45 /* ContentView.swift */; };
		03A74857303CEBB300F49C45 /* OddsArbitrageApp.swift in Sources */ = {isa = PBXBuildFile; fileRef = 03A74854303CEBB300F49C45 /* OddsArbitrageApp.swift */; };
		03A74858303CEBB300F49C45 /* Assets.xcassets in Resources */ = {isa = PBXBuildFile; fileRef = 03A74852303CEBB300F49C45 /* Assets.xcassets */; };
		03A7485A303CEF5300F49C45 /* OddsEvent.swift in Sources */ = {isa = PBXBuildFile; fileRef = 03A74859303CEF5100F49C45 /* OddsEvent.swift */; };
		03A7485C303CEFE500F49C45 /* NetworkService.swift in Sources */ = {isa = PBXBuildFile; fileRef = 03A7485B303CEFD600F49C45 /* NetworkService.swift */; };
		03A7485E303CF04300F49C45 /* URLSessionNetworkService.swift in Sources */ = {isa = PBXBuildFile; fileRef = 03A7485D303CF03900F49C45 /* URLSessionNetworkService.swift */; };
		03A74860303CF16600F49C45 /* OddsRepository.swift in Sources */ = {isa = PBXBuildFile; fileRef = 03A7485F303CF16400F49C45 /* OddsRepository.swift */; };
		03A74862303CF18300F49C45 /* DefaultOddsRepository.swift in Sources */ = {isa = PBXBuildFile; fileRef = 03A74861303CF18200F49C45 /* DefaultOddsRepository.swift */; };
		03A74868303CF81700F49C45 /* DetectArbitrageUseCase.swift in Sources */ = {isa = PBXBuildFile; fileRef = 03A74867303CF81600F49C45 /* DetectArbitrageUseCase.swift */; };
		03A7486A303CF84D00F49C45 /* DefaultDetectArbitrageUseCase.swift in Sources */ = {isa = PBXBuildFile; fileRef = 03A74869303CF84D00F49C45 /* DefaultDetectArbitrageUseCase.swift */; };
		03A7486C303CF9D100F49C45 /* OddsListViewModel.swift in Sources */ = {isa = PBXBuildFile; fileRef = 03A7486B303CF9D000F49C45 /* OddsListViewModel.swift */; };
/* End PBXBuildFile section */

/* Begin PBXFileReference section */
		03A74831303CE9C600F49C45 /* OddsArbitrage.app */ = {isa = PBXFileReference; explicitFileType = wrapper.application; includeInIndex = 0; path = OddsArbitrage.app; sourceTree = BUILT_PRODUCTS_DIR; };
		03A74852303CEBB300F49C45 /* Assets.xcassets */ = {isa = PBXFileReference; lastKnownFileType = folder.assetcatalog; path = Assets.xcassets; sourceTree = "<group>"; };
		03A74853303CEBB300F49C45 /* ContentView.swift */ = {isa = PBXFileReference; lastKnownFileType = sourcecode.swift; path = ContentView.swift; sourceTree = "<group>"; };
		03A74854303CEBB300F49C45 /* OddsArbitrageApp.swift */ = {isa = PBXFileReference; lastKnownFileType = sourcecode.swift; path = OddsArbitrageApp.swift; sourceTree = "<group>"; };
		03A74859303CEF5100F49C45 /* OddsEvent.swift */ = {isa = PBXFileReference; lastKnownFileType = sourcecode.swift; path = OddsEvent.swift; sourceTree = "<group>"; };
		03A7485B303CEFD600F49C45 /* NetworkService.swift */ = {isa = PBXFileReference; lastKnownFileType = sourcecode.swift; path = NetworkService.swift; sourceTree = "<group>"; };
		03A7485D303CF03900F49C45 /* URLSessionNetworkService.swift */ = {isa = PBXFileReference; lastKnownFileType = sourcecode.swift; path = URLSessionNetworkService.swift; sourceTree = "<group>"; };
		03A7485F303CF16400F49C45 /* OddsRepository.swift */ = {isa = PBXFileReference; lastKnownFileType = sourcecode.swift; path = OddsRepository.swift; sourceTree = "<group>"; };
		03A74861303CF18200F49C45 /* DefaultOddsRepository.swift */ = {isa = PBXFileReference; lastKnownFileType = sourcecode.swift; path = DefaultOddsRepository.swift; sourceTree = "<group>"; };
		03A74864303CF49B00F49C45 /* Config.xcconfig */ = {isa = PBXFileReference; lastKnownFileType = text.xcconfig; path = Config.xcconfig; sourceTree = "<group>"; };
		03A74866303CF61900F49C45 /* Info.plist */ = {isa = PBXFileReference; lastKnownFileType = text.plist; path = Info.plist; sourceTree = "<group>"; };
		03A74867303CF81600F49C45 /* DetectArbitrageUseCase.swift */ = {isa = PBXFileReference; lastKnownFileType = sourcecode.swift; path = DetectArbitrageUseCase.swift; sourceTree = "<group>"; };
		03A74869303CF84D00F49C45 /* DefaultDetectArbitrageUseCase.swift */ = {isa = PBXFileReference; lastKnownFileType = sourcecode.swift; path = DefaultDetectArbitrageUseCase.swift; sourceTree = "<group>"; };
		03A7486B303CF9D000F49C45 /* OddsListViewModel.swift */ = {isa = PBXFileReference; lastKnownFileType = sourcecode.swift; path = OddsListViewModel.swift; sourceTree = "<group>"; };
/* End PBXFileReference section */

/* Begin PBXFrameworksBuildPhase section */
		03A7482E303CE9C600F49C45 /* Frameworks */ = {
			isa = PBXFrameworksBuildPhase;
			buildActionMask = 2147483647;
			files = (
			);
			runOnlyForDeploymentPostprocessing = 0;
		};
/* End PBXFrameworksBuildPhase section */

/* Begin PBXGroup section */
		03A74828303CE9C600F49C45 = {
			isa = PBXGroup;
			children = (
				03A74865303CF49B00F49C45 /* Resources */,
				03A74855303CEBB300F49C45 /* OddsArbitrage */,
				03A74832303CE9C600F49C45 /* Products */,
			);
			sourceTree = "<group>";
		};
		03A74832303CE9C600F49C45 /* Products */ = {
			isa = PBXGroup;
			children = (
				03A74831303CE9C600F49C45 /* OddsArbitrage.app */,
			);
			name = Products;
			sourceTree = "<group>";
		};
		03A7484A303CEBB300F49C45 /* Models */ = {
			isa = PBXGroup;
			children = (
				03A74859303CEF5100F49C45 /* OddsEvent.swift */,
			);
			path = Models;
			sourceTree = "<group>";
		};
		03A7484B303CEBB300F49C45 /* Networking */ = {
			isa = PBXGroup;
			children = (
				03A7485D303CF03900F49C45 /* URLSessionNetworkService.swift */,
				03A7485B303CEFD600F49C45 /* NetworkService.swift */,
			);
			path = Networking;
			sourceTree = "<group>";
		};
		03A7484C303CEBB300F49C45 /* Repositories */ = {
			isa = PBXGroup;
			children = (
				03A74861303CF18200F49C45 /* DefaultOddsRepository.swift */,
				03A7485F303CF16400F49C45 /* OddsRepository.swift */,
			);
			path = Repositories;
			sourceTree = "<group>";
		};
		03A7484E303CEBB300F49C45 /* Tests */ = {
			isa = PBXGroup;
			children = (
			);
			path = Tests;
			sourceTree = "<group>";
		};
		03A7484F303CEBB300F49C45 /* UseCases */ = {
			isa = PBXGroup;
			children = (
				03A74869303CF84D00F49C45 /* DefaultDetectArbitrageUseCase.swift */,
				03A74867303CF81600F49C45 /* DetectArbitrageUseCase.swift */,
			);
			path = UseCases;
			sourceTree = "<group>";
		};
		03A74850303CEBB300F49C45 /* ViewModels */ = {
			isa = PBXGroup;
			children = (
				03A7486B303CF9D000F49C45 /* OddsListViewModel.swift */,
			);
			path = ViewModels;
			sourceTree = "<group>";
		};
		03A74851303CEBB300F49C45 /* Views */ = {
			isa = PBXGroup;
			children = (
			);
			path = Views;
			sourceTree = "<group>";
		};
		03A74855303CEBB300F49C45 /* OddsArbitrage */ = {
			isa = PBXGroup;
			children = (
				03A74866303CF61900F49C45 /* Info.plist */,
				03A7484A303CEBB300F49C45 /* Models */,
				03A7484B303CEBB300F49C45 /* Networking */,
				03A7484C303CEBB300F49C45 /* Repositories */,
				03A7484E303CEBB300F49C45 /* Tests */,
				03A7484F303CEBB300F49C45 /* UseCases */,
				03A74850303CEBB300F49C45 /* ViewModels */,
				03A74851303CEBB300F49C45 /* Views */,
				03A74852303CEBB300F49C45 /* Assets.xcassets */,
				03A74853303CEBB300F49C45 /* ContentView.swift */,
				03A74854303CEBB300F49C45 /* OddsArbitrageApp.swift */,
			);
			path = OddsArbitrage;
			sourceTree = "<group>";
		};
		03A74865303CF49B00F49C45 /* Resources */ = {
			isa = PBXGroup;
			children = (
				03A74864303CF49B00F49C45 /* Config.xcconfig */,
			);
			path = Resources;
			sourceTree = "<group>";
		};
/* End PBXGroup section */

/* Begin PBXNativeTarget section */
		03A74830303CE9C600F49C45 /* OddsArbitrage */ = {
			isa = PBXNativeTarget;
			buildConfigurationList = 03A7483C303CE9C800F49C45 /* Build configuration list for PBXNativeTarget "OddsArbitrage" */;
			buildPhases = (
				03A7482D303CE9C600F49C45 /* Sources */,
				03A7482E303CE9C600F49C45 /* Frameworks */,
				03A7482F303CE9C600F49C45 /* Resources */,
			);
			buildRules = (
			);
			dependencies = (
			);
			name = OddsArbitrage;
			packageProductDependencies = (
			);
			productName = OddsArbitrage;
			productReference = 03A74831303CE9C600F49C45 /* OddsArbitrage.app */;
			productType = "com.apple.product-type.application";
		};
/* End PBXNativeTarget section */

/* Begin PBXProject section */
		03A74829303CE9C600F49C45 /* Project object */ = {
			isa = PBXProject;
			attributes = {
				BuildIndependentTargetsInParallel = 1;
				LastSwiftUpdateCheck = 1640;
				LastUpgradeCheck = 1640;
				TargetAttributes = {
					03A74830303CE9C600F49C45 = {
						CreatedOnToolsVersion = 16.4;
					};
				};
			};
			buildConfigurationList = 03A7482C303CE9C600F49C45 /* Build configuration list for PBXProject "OddsArbitrage" */;
			developmentRegion = en;
			hasScannedForEncodings = 0;
			knownRegions = (
				en,
				Base,
			);
			mainGroup = 03A74828303CE9C600F49C45;
			minimizedProjectReferenceProxies = 1;
			preferredProjectObjectVersion = 77;
			productRefGroup = 03A74832303CE9C600F49C45 /* Products */;
			projectDirPath = "";
			projectRoot = "";
			targets = (
				03A74830303CE9C600F49C45 /* OddsArbitrage */,
			);
		};
/* End PBXProject section */

/* Begin PBXResourcesBuildPhase section */
		03A7482F303CE9C600F49C45 /* Resources */ = {
			isa = PBXResourcesBuildPhase;
			buildActionMask = 2147483647;
			files = (
				03A74858303CEBB300F49C45 /* Assets.xcassets in Resources */,
			);
			runOnlyForDeploymentPostprocessing = 0;
		};
/* End PBXResourcesBuildPhase section */

/* Begin PBXSourcesBuildPhase section */
		03A7482D303CE9C600F49C45 /* Sources */ = {
			isa = PBXSourcesBuildPhase;
			buildActionMask = 2147483647;
			files = (
				03A7485E303CF04300F49C45 /* URLSessionNetworkService.swift in Sources */,
				03A7486A303CF84D00F49C45 /* DefaultDetectArbitrageUseCase.swift in Sources */,
				03A74862303CF18300F49C45 /* DefaultOddsRepository.swift in Sources */,
				03A74868303CF81700F49C45 /* DetectArbitrageUseCase.swift in Sources */,
				03A74860303CF16600F49C45 /* OddsRepository.swift in Sources */,
				03A74856303CEBB300F49C45 /* ContentView.swift in Sources */,
				03A74857303CEBB300F49C45 /* OddsArbitrageApp.swift in Sources */,
				03A7485C303CEFE500F49C45 /* NetworkService.swift in Sources */,
				03A7486C303CF9D100F49C45 /* OddsListViewModel.swift in Sources */,
				03A7485A303CEF5300F49C45 /* OddsEvent.swift in Sources */,
			);
			runOnlyForDeploymentPostprocessing = 0;
		};
/* End PBXSourcesBuildPhase section */

/* Begin XCBuildConfiguration section */
		03A7483A303CE9C800F49C45 /* Debug */ = {
			isa = XCBuildConfiguration;
			baseConfigurationReference = 03A74864303CF49B00F49C45 /* Config.xcconfig */;
			buildSettings = {
				ALWAYS_SEARCH_USER_PATHS = NO;
				ASSETCATALOG_COMPILER_GENERATE_SWIFT_ASSET_SYMBOL_EXTENSIONS = YES;
				CLANG_ANALYZER_NONNULL = YES;
				CLANG_ANALYZER_NUMBER_OBJECT_CONVERSION = YES_AGGRESSIVE;
				CLANG_CXX_LANGUAGE_STANDARD = "gnu++20";
				CLANG_ENABLE_MODULES = YES;
				CLANG_ENABLE_OBJC_ARC = YES;
				CLANG_ENABLE_OBJC_WEAK = YES;
				CLANG_WARN_BLOCK_CAPTURE_AUTORELEASING = YES;
				CLANG_WARN_BOOL_CONVERSION = YES;
				CLANG_WARN_COMMA = YES;
				CLANG_WARN_CONSTANT_CONVERSION = YES;
				CLANG_WARN_DEPRECATED_OBJC_IMPLEMENTATIONS = YES;
				CLANG_WARN_DIRECT_OBJC_ISA_USAGE = YES_ERROR;
				CLANG_WARN_DOCUMENTATION_COMMENTS = YES;
				CLANG_WARN_EMPTY_BODY = YES;
				CLANG_WARN_ENUM_CONVERSION = YES;
				CLANG_WARN_INFINITE_RECURSION = YES;
				CLANG_WARN_INT_CONVERSION = YES;
				CLANG_WARN_NON_LITERAL_NULL_CONVERSION = YES;
				CLANG_WARN_OBJC_IMPLICIT_RETAIN_SELF = YES;
				CLANG_WARN_OBJC_LITERAL_CONVERSION = YES;
				CLANG_WARN_OBJC_ROOT_CLASS = YES_ERROR;
				CLANG_WARN_QUOTED_INCLUDE_IN_FRAMEWORK_HEADER = YES;
				CLANG_WARN_RANGE_LOOP_ANALYSIS = YES;
				CLANG_WARN_STRICT_PROTOTYPES = YES;
				CLANG_WARN_SUSPICIOUS_MOVE = YES;
				CLANG_WARN_UNGUARDED_AVAILABILITY = YES_AGGRESSIVE;
				CLANG_WARN_UNREACHABLE_CODE = YES;
				CLANG_WARN__DUPLICATE_METHOD_MATCH = YES;
				COPY_PHASE_STRIP = NO;
				DEBUG_INFORMATION_FORMAT = dwarf;
				DEVELOPMENT_TEAM = 9HY9G7NYSB;
				ENABLE_STRICT_OBJC_MSGSEND = YES;
				ENABLE_TESTABILITY = YES;
				ENABLE_USER_SCRIPT_SANDBOXING = YES;
				GCC_C_LANGUAGE_STANDARD = gnu17;
				GCC_DYNAMIC_NO_PIC = NO;
				GCC_NO_COMMON_BLOCKS = YES;
				GCC_OPTIMIZATION_LEVEL = 0;
				GCC_PREPROCESSOR_DEFINITIONS = (
					"DEBUG=1",
					"$(inherited)",
				);
				GCC_WARN_64_TO_32_BIT_CONVERSION = YES;
				GCC_WARN_ABOUT_RETURN_TYPE = YES_ERROR;
				GCC_WARN_UNDECLARED_SELECTOR = YES;
				GCC_WARN_UNINITIALIZED_AUTOS = YES_AGGRESSIVE;
				GCC_WARN_UNUSED_FUNCTION = YES;
				GCC_WARN_UNUSED_VARIABLE = YES;
				IPHONEOS_DEPLOYMENT_TARGET = 18.5;
				LOCALIZATION_PREFERS_STRING_CATALOGS = YES;
				MTL_ENABLE_DEBUG_INFO = INCLUDE_SOURCE;
				MTL_FAST_MATH = YES;
				ONLY_ACTIVE_ARCH = YES;
				SDKROOT = iphoneos;
				SWIFT_ACTIVE_COMPILATION_CONDITIONS = "DEBUG $(inherited)";
				SWIFT_OPTIMIZATION_LEVEL = "-Onone";
			};
			name = Debug;
		};
		03A7483B303CE9C800F49C45 /* Release */ = {
			isa = XCBuildConfiguration;
			baseConfigurationReference = 03A74864303CF49B00F49C45 /* Config.xcconfig */;
			buildSettings = {
				ALWAYS_SEARCH_USER_PATHS = NO;
				ASSETCATALOG_COMPILER_GENERATE_SWIFT_ASSET_SYMBOL_EXTENSIONS = YES;
				CLANG_ANALYZER_NONNULL = YES;
				CLANG_ANALYZER_NUMBER_OBJECT_CONVERSION = YES_AGGRESSIVE;
				CLANG_CXX_LANGUAGE_STANDARD = "gnu++20";
				CLANG_ENABLE_MODULES = YES;
				CLANG_ENABLE_OBJC_ARC = YES;
				CLANG_ENABLE_OBJC_WEAK = YES;
				CLANG_WARN_BLOCK_CAPTURE_AUTORELEASING = YES;
				CLANG_WARN_BOOL_CONVERSION = YES;
				CLANG_WARN_COMMA = YES;
				CLANG_WARN_CONSTANT_CONVERSION = YES;
				CLANG_WARN_DEPRECATED_OBJC_IMPLEMENTATIONS = YES;
				CLANG_WARN_DIRECT_OBJC_ISA_USAGE = YES_ERROR;
				CLANG_WARN_DOCUMENTATION_COMMENTS = YES;
				CLANG_WARN_EMPTY_BODY = YES;
				CLANG_WARN_ENUM_CONVERSION = YES;
				CLANG_WARN_INFINITE_RECURSION = YES;
				CLANG_WARN_INT_CONVERSION = YES;
				CLANG_WARN_NON_LITERAL_NULL_CONVERSION = YES;
				CLANG_WARN_OBJC_IMPLICIT_RETAIN_SELF = YES;
				CLANG_WARN_OBJC_LITERAL_CONVERSION = YES;
				CLANG_WARN_OBJC_ROOT_CLASS = YES_ERROR;
				CLANG_WARN_QUOTED_INCLUDE_IN_FRAMEWORK_HEADER = YES;
				CLANG_WARN_RANGE_LOOP_ANALYSIS = YES;
				CLANG_WARN_STRICT_PROTOTYPES = YES;
				CLANG_WARN_SUSPICIOUS_MOVE = YES;
				CLANG_WARN_UNGUARDED_AVAILABILITY = YES_AGGRESSIVE;
				CLANG_WARN_UNREACHABLE_CODE = YES;
				CLANG_WARN__DUPLICATE_METHOD_MATCH = YES;
				COPY_PHASE_STRIP = NO;
				DEBUG_INFORMATION_FORMAT = "dwarf-with-dsym";
				DEVELOPMENT_TEAM = 9HY9G7NYSB;
				ENABLE_NS_ASSERTIONS = NO;
				ENABLE_STRICT_OBJC_MSGSEND = YES;
				ENABLE_USER_SCRIPT_SANDBOXING = YES;
				GCC_C_LANGUAGE_STANDARD = gnu17;
				GCC_NO_COMMON_BLOCKS = YES;
				GCC_WARN_64_TO_32_BIT_CONVERSION = YES;
				GCC_WARN_ABOUT_RETURN_TYPE = YES_ERROR;
				GCC_WARN_UNDECLARED_SELECTOR = YES;
				GCC_WARN_UNINITIALIZED_AUTOS = YES_AGGRESSIVE;
				GCC_WARN_UNUSED_FUNCTION = YES;
				GCC_WARN_UNUSED_VARIABLE = YES;
				IPHONEOS_DEPLOYMENT_TARGET = 18.5;
				LOCALIZATION_PREFERS_STRING_CATALOGS = YES;
				MTL_ENABLE_DEBUG_INFO = NO;
				MTL_FAST_MATH = YES;
				SDKROOT = iphoneos;
				SWIFT_COMPILATION_MODE = wholemodule;
				VALIDATE_PRODUCT = YES;
			};
			name = Release;
		};
		03A7483D303CE9C800F49C45 /* Debug */ = {
			isa = XCBuildConfiguration;
			baseConfigurationReference = 03A74864303CF49B00F49C45 /* Config.xcconfig */;
			buildSettings = {
				ASSETCATALOG_COMPILER_APPICON_NAME = AppIcon;
				ASSETCATALOG_COMPILER_GLOBAL_ACCENT_COLOR_NAME = AccentColor;
				CODE_SIGN_STYLE = Automatic;
				CURRENT_PROJECT_VERSION = 1;
				DEVELOPMENT_TEAM = 9HY9G7NYSB;
				ENABLE_PREVIEWS = YES;
				GENERATE_INFOPLIST_FILE = YES;
				INFOPLIST_FILE = OddsArbitrage/Info.plist;
				INFOPLIST_KEY_UIApplicationSceneManifest_Generation = YES;
				INFOPLIST_KEY_UIApplicationSupportsIndirectInputEvents = YES;
				INFOPLIST_KEY_UILaunchScreen_Generation = YES;
				INFOPLIST_KEY_UISupportedInterfaceOrientations_iPad = "UIInterfaceOrientationPortrait UIInterfaceOrientationPortraitUpsideDown UIInterfaceOrientationLandscapeLeft UIInterfaceOrientationLandscapeRight";
				INFOPLIST_KEY_UISupportedInterfaceOrientations_iPhone = "UIInterfaceOrientationPortrait UIInterfaceOrientationLandscapeLeft UIInterfaceOrientationLandscapeRight";
				LD_RUNPATH_SEARCH_PATHS = (
					"$(inherited)",
					"@executable_path/Frameworks",
				);
				MARKETING_VERSION = 1.0;
				PRODUCT_BUNDLE_IDENTIFIER = nicovma.OddsArbitrage;
				PRODUCT_NAME = "$(TARGET_NAME)";
				SWIFT_EMIT_LOC_STRINGS = YES;
				SWIFT_VERSION = 5.0;
				TARGETED_DEVICE_FAMILY = "1,2";
			};
			name = Debug;
		};
		03A7483E303CE9C800F49C45 /* Release */ = {
			isa = XCBuildConfiguration;
			baseConfigurationReference = 03A74864303CF49B00F49C45 /* Config.xcconfig */;
			buildSettings = {
				ASSETCATALOG_COMPILER_APPICON_NAME = AppIcon;
				ASSETCATALOG_COMPILER_GLOBAL_ACCENT_COLOR_NAME = AccentColor;
				CODE_SIGN_STYLE = Automatic;
				CURRENT_PROJECT_VERSION = 1;
				DEVELOPMENT_TEAM = 9HY9G7NYSB;
				ENABLE_PREVIEWS = YES;
				GENERATE_INFOPLIST_FILE = YES;
				INFOPLIST_FILE = OddsArbitrage/Info.plist;
				INFOPLIST_KEY_UIApplicationSceneManifest_Generation = YES;
				INFOPLIST_KEY_UIApplicationSupportsIndirectInputEvents = YES;
				INFOPLIST_KEY_UILaunchScreen_Generation = YES;
				INFOPLIST_KEY_UISupportedInterfaceOrientations_iPad = "UIInterfaceOrientationPortrait UIInterfaceOrientationPortraitUpsideDown UIInterfaceOrientationLandscapeLeft UIInterfaceOrientationLandscapeRight";
				INFOPLIST_KEY_UISupportedInterfaceOrientations_iPhone = "UIInterfaceOrientationPortrait UIInterfaceOrientationLandscapeLeft UIInterfaceOrientationLandscapeRight";
				LD_RUNPATH_SEARCH_PATHS = (
					"$(inherited)",
					"@executable_path/Frameworks",
				);
				MARKETING_VERSION = 1.0;
				PRODUCT_BUNDLE_IDENTIFIER = nicovma.OddsArbitrage;
				PRODUCT_NAME = "$(TARGET_NAME)";
				SWIFT_EMIT_LOC_STRINGS = YES;
				SWIFT_VERSION = 5.0;
				TARGETED_DEVICE_FAMILY = "1,2";
			};
			name = Release;
		};
/* End XCBuildConfiguration section */

/* Begin XCConfigurationList section */
		03A7482C303CE9C600F49C45 /* Build configuration list for PBXProject "OddsArbitrage" */ = {
			isa = XCConfigurationList;
			buildConfigurations = (
				03A7483A303CE9C800F49C45 /* Debug */,
				03A7483B303CE9C800F49C45 /* Release */,
			);
			defaultConfigurationIsVisible = 0;
			defaultConfigurationName = Release;
		};
		03A7483C303CE9C800F49C45 /* Build configuration list for PBXNativeTarget "OddsArbitrage" */ = {
			isa = XCConfigurationList;
			buildConfigurations = (
				03A7483D303CE9C800F49C45 /* Debug */,
				03A7483E303CE9C800F49C45 /* Release */,
			);
			defaultConfigurationIsVisible = 0;
			defaultConfigurationName = Release;
		};
/* End XCConfigurationList section */
	};
	rootObject = 03A74829303CE9C600F49C45 /* Project object */;
}
